
Microsoft Visual Studio Solution File, Format Version 12.00
# Visual Studio Version 16
VisualStudioVersion = 16.0.32228.343
MinimumVisualStudioVersion = 10.0.40219.1
Project("{FAE04EC0-301F-11D3-BF4B-00C04F79EFBC}") = "CustomContain Method", "CustomContain Method\CustomContain Method.csproj", "{10786618-8023-4BB6-8615-6517621B8F49}"
EndProject
Global
	GlobalSection(SolutionConfigurationPlatforms) = preSolution
		Debug|Any CPU = Debug|Any CPU
		Release|Any CPU = Release|Any CPU
	EndGlobalSection
	GlobalSection(ProjectConfigurationPlatforms) = postSolution
		{10786618-8023-4BB6-8615-6517621B8F49}.Debug|Any CPU.ActiveCfg = Debug|Any CPU
		{10786618-8023-4BB6-8615-6517621B8F49}.Debug|Any CPU.Build.0 = Debug|Any CPU
		{10786618-8023-4BB6-8615-6517621B8F49}.Release|Any CPU.ActiveCfg = Release|Any CPU
		{10786618-8023-4BB6-8615-6517621B8F49}.Release|Any CPU.Build.0 = Release|Any CPU
	EndGlobalSection
	GlobalSection(SolutionProperties) = preSolution
		HideSolutionNode = FALSE
	EndGlobalSection
	GlobalSection(ExtensibilityGlobals) = postSolution
		SolutionGuid = {F47FC87A-4E01-420D-A152-C2CB7C02D3CD}
	EndGlobalSection
EndGlobal
